
Microsoft Visual Studio Solution File, Format Version 12.00
# Visual Studio Version 16
VisualStudioVersion = 16.0.30413.136
MinimumVisualStudioVersion = 10.0.40219.1
Project("{FAE04EC0-301F-11D3-BF4B-00C04F79EFBC}") = "ClassesFilesDateTime", "ClassesFilesDateTime\ClassesFilesDateTime.csproj", "{AF35A548-1A71-4016-ACEC-E86B562673AE}"
EndProject
Global
	GlobalSection(SolutionConfigurationPlatforms) = preSolution
		Debug|Any CPU = Debug|Any CPU
		Release|Any CPU = Release|Any CPU
	EndGlobalSection
	GlobalSection(ProjectConfigurationPlatforms) = postSolution
		{AF35A548-1A71-4016-ACEC-E86B562673AE}.Debug|Any CPU.ActiveCfg = Debug|Any CPU
		{AF35A548-1A71-4016-ACEC-E86B562673AE}.Debug|Any CPU.Build.0 = Debug|Any CPU
		{AF35A548-1A71-4016-ACEC-E86B562673AE}.Release|Any CPU.ActiveCfg = Release|Any CPU
		{AF35A548-1A71-4016-ACEC-E86B562673AE}.Release|Any CPU.Build.0 = Release|Any CPU
	EndGlobalSection
	GlobalSection(SolutionProperties) = preSolution
		HideSolutionNode = FALSE
	EndGlobalSection
	GlobalSection(ExtensibilityGlobals) = postSolution
		SolutionGuid = {12F50704-F416-4F7B-AA32-42A5CFF4EF8F}
	EndGlobalSection
EndGlobal
